
Microsoft Visual Studio Solution File, Format Version 12.00
# Visual Studio Version 16
VisualStudioVersion = 16.0.31321.278
MinimumVisualStudioVersion = 10.0.40219.1
Project("{FAE04EC0-301F-11D3-BF4B-00C04F79EFBC}") = "Pcart", "Pcart\Pcart.csproj", "{F7907CAB-65A8-467C-A1BD-84F41B2F6C7D}"
EndProject
Global
	GlobalSection(SolutionConfigurationPlatforms) = preSolution
		Debug|Any CPU = Debug|Any CPU
		Release|Any CPU = Release|Any CPU
	EndGlobalSection
	GlobalSection(ProjectConfigurationPlatforms) = postSolution
		{F7907CAB-65A8-467C-A1BD-84F41B2F6C7D}.Debug|Any CPU.ActiveCfg = Debug|Any CPU
		{F7907CAB-65A8-467C-A1BD-84F41B2F6C7D}.Debug|Any CPU.Build.0 = Debug|Any CPU
		{F7907CAB-65A8-467C-A1BD-84F41B2F6C7D}.Release|Any CPU.ActiveCfg = Release|Any CPU
		{F7907CAB-65A8-467C-A1BD-84F41B2F6C7D}.Release|Any CPU.Build.0 = Release|Any CPU
	EndGlobalSection
	GlobalSection(SolutionProperties) = preSolution
		HideSolutionNode = FALSE
	EndGlobalSection
	GlobalSection(ExtensibilityGlobals) = postSolution
		SolutionGuid = {0A405A51-FC6D-4611-8E7F-EC9CF6B185B4}
	EndGlobalSection
EndGlobal
